// !$*UTF8*$!
{
	archiveVersion = 1;
	classes = {
	};
	objectVersion = 56;
	objects = {

/* Begin PBXBuildFile section */
		D60D37A52AFCD15100A7C3C8 /* MapViewController.swift in Sources */ = {isa = PBXBuildFile; fileRef = D60D37A42AFCD15100A7C3C8 /* MapViewController.swift */; };
		D63387EA2B860A22000B5DB6 /* AWSAuthCore.xcframework in Frameworks */ = {isa = PBXBuildFile; fileRef = D63387A32B845E3F000B5DB6 /* AWSAuthCore.xcframework */; };
		D63387EB2B860A22000B5DB6 /* AWSAuthCore.xcframework in Embed Frameworks */ = {isa = PBXBuildFile; fileRef = D63387A32B845E3F000B5DB6 /* AWSAuthCore.xcframework */; settings = {ATTRIBUTES = (CodeSignOnCopy, RemoveHeadersOnCopy, ); }; };
		D63387EC2B860A22000B5DB6 /* AWSCognitoIdentityProvider.xcframework in Frameworks */ = {isa = PBXBuildFile; fileRef = D633879E2B845E3F000B5DB6 /* AWSCognitoIdentityProvider.xcframework */; };
		D63387ED2B860A22000B5DB6 /* AWSCognitoIdentityProvider.xcframework in Embed Frameworks */ = {isa = PBXBuildFile; fileRef = D633879E2B845E3F000B5DB6 /* AWSCognitoIdentityProvider.xcframework */; settings = {ATTRIBUTES = (CodeSignOnCopy, RemoveHeadersOnCopy, ); }; };
		D63387EE2B860A22000B5DB6 /* AWSCognitoIdentityProviderASF.xcframework in Frameworks */ = {isa = PBXBuildFile; fileRef = D63387A22B845E3F000B5DB6 /* AWSCognitoIdentityProviderASF.xcframework */; };
		D63387EF2B860A22000B5DB6 /* AWSCognitoIdentityProviderASF.xcframework in Embed Frameworks */ = {isa = PBXBuildFile; fileRef = D63387A22B845E3F000B5DB6 /* AWSCognitoIdentityProviderASF.xcframework */; settings = {ATTRIBUTES = (CodeSignOnCopy, RemoveHeadersOnCopy, ); }; };
		D63387F02B860A22000B5DB6 /* AWSCore.xcframework in Frameworks */ = {isa = PBXBuildFile; fileRef = D63387702B845E3E000B5DB6 /* AWSCore.xcframework */; };
		D63387F12B860A22000B5DB6 /* AWSCore.xcframework in Embed Frameworks */ = {isa = PBXBuildFile; fileRef = D63387702B845E3E000B5DB6 /* AWSCore.xcframework */; settings = {ATTRIBUTES = (CodeSignOnCopy, RemoveHeadersOnCopy, ); }; };
		D63387F22B860A22000B5DB6 /* AWSIoT.xcframework in Frameworks */ = {isa = PBXBuildFile; fileRef = D63387A02B845E3F000B5DB6 /* AWSIoT.xcframework */; };
		D63387F32B860A22000B5DB6 /* AWSIoT.xcframework in Embed Frameworks */ = {isa = PBXBuildFile; fileRef = D63387A02B845E3F000B5DB6 /* AWSIoT.xcframework */; settings = {ATTRIBUTES = (CodeSignOnCopy, RemoveHeadersOnCopy, ); }; };
		D63387F42B860A23000B5DB6 /* AWSMobileClientXCF.xcframework in Frameworks */ = {isa = PBXBuildFile; fileRef = D63387A12B845E3F000B5DB6 /* AWSMobileClientXCF.xcframework */; };
		D63387F52B860A23000B5DB6 /* AWSMobileClientXCF.xcframework in Embed Frameworks */ = {isa = PBXBuildFile; fileRef = D63387A12B845E3F000B5DB6 /* AWSMobileClientXCF.xcframework */; settings = {ATTRIBUTES = (CodeSignOnCopy, RemoveHeadersOnCopy, ); }; };
		D63387F62B860A23000B5DB6 /* MqttCocoaAsyncSocket.xcframework in Frameworks */ = {isa = PBXBuildFile; fileRef = D633879F2B845E3F000B5DB6 /* MqttCocoaAsyncSocket.xcframework */; };
		D63387F72B860A23000B5DB6 /* MqttCocoaAsyncSocket.xcframework in Embed Frameworks */ = {isa = PBXBuildFile; fileRef = D633879F2B845E3F000B5DB6 /* MqttCocoaAsyncSocket.xcframework */; settings = {ATTRIBUTES = (CodeSignOnCopy, RemoveHeadersOnCopy, ); }; };
		D63387F82B860A24000B5DB6 /* Roam.xcframework in Frameworks */ = {isa = PBXBuildFile; fileRef = D63387D62B845E4F000B5DB6 /* Roam.xcframework */; };
		D63387F92B860A24000B5DB6 /* Roam.xcframework in Embed Frameworks */ = {isa = PBXBuildFile; fileRef = D63387D62B845E4F000B5DB6 /* Roam.xcframework */; settings = {ATTRIBUTES = (CodeSignOnCopy, RemoveHeadersOnCopy, ); }; };
		D69500FD2AFC922200410523 /* AppDelegate.swift in Sources */ = {isa = PBXBuildFile; fileRef = D69500FC2AFC922200410523 /* AppDelegate.swift */; };
		D69500FF2AFC922200410523 /* SceneDelegate.swift in Sources */ = {isa = PBXBuildFile; fileRef = D69500FE2AFC922200410523 /* SceneDelegate.swift */; };
		D69501012AFC922200410523 /* LoginViewController.swift in Sources */ = {isa = PBXBuildFile; fileRef = D69501002AFC922200410523 /* LoginViewController.swift */; };
		D69501042AFC922200410523 /* Main.storyboard in Resources */ = {isa = PBXBuildFile; fileRef = D69501022AFC922200410523 /* Main.storyboard */; };
		D69501062AFC922400410523 /* Assets.xcassets in Resources */ = {isa = PBXBuildFile; fileRef = D69501052AFC922400410523 /* Assets.xcassets */; };
		D69501092AFC922400410523 /* LaunchScreen.storyboard in Resources */ = {isa = PBXBuildFile; fileRef = D69501072AFC922400410523 /* LaunchScreen.storyboard */; };
		D69501112AFC947800410523 /* RoamHelper.swift in Sources */ = {isa = PBXBuildFile; fileRef = D69501102AFC947800410523 /* RoamHelper.swift */; };
		D6ABA3462B7E03E700BFC847 /* Starscream in Frameworks */ = {isa = PBXBuildFile; productRef = D6ABA3452B7E03E700BFC847 /* Starscream */; };
		DD470BF5FF406B9DAECF1379 /* Pods_RoamDemo.framework in Frameworks */ = {isa = PBXBuildFile; fileRef = 4017BD5A2B92FB2958409D31 /* Pods_RoamDemo.framework */; };
/* End PBXBuildFile section */

/* Begin PBXCopyFilesBuildPhase section */
		D69501162AFC94C700410523 /* Embed Frameworks */ = {
			isa = PBXCopyFilesBuildPhase;
			buildActionMask = 2147483647;
			dstPath = "";
			dstSubfolderSpec = 10;
			files = (
				D63387F52B860A23000B5DB6 /* AWSMobileClientXCF.xcframework in Embed Frameworks */,
				D63387EF2B860A22000B5DB6 /* AWSCognitoIdentityProviderASF.xcframework in Embed Frameworks */,
				D63387F72B860A23000B5DB6 /* MqttCocoaAsyncSocket.xcframework in Embed Frameworks */,
				D63387ED2B860A22000B5DB6 /* AWSCognitoIdentityProvider.xcframework in Embed Frameworks */,
				D63387F12B860A22000B5DB6 /* AWSCore.xcframework in Embed Frameworks */,
				D63387EB2B860A22000B5DB6 /* AWSAuthCore.xcframework in Embed Frameworks */,
				D63387F92B860A24000B5DB6 /* Roam.xcframework in Embed Frameworks */,
				D63387F32B860A22000B5DB6 /* AWSIoT.xcframework in Embed Frameworks */,
			);
			name = "Embed Frameworks";
			runOnlyForDeploymentPostprocessing = 0;
		};
/* End PBXCopyFilesBuildPhase section */

/* Begin PBXFileReference section */
		4017BD5A2B92FB2958409D31 /* Pods_RoamDemo.framework */ = {isa = PBXFileReference; explicitFileType = wrapper.framework; includeInIndex = 0; path = Pods_RoamDemo.framework; sourceTree = BUILT_PRODUCTS_DIR; };
		60A4188897E87B2DCF3646B5 /* Pods-RoamDemo.release.xcconfig */ = {isa = PBXFileReference; includeInIndex = 1; lastKnownFileType = text.xcconfig; name = "Pods-RoamDemo.release.xcconfig"; path = "Target Support Files/Pods-RoamDemo/Pods-RoamDemo.release.xcconfig"; sourceTree = "<group>"; };
		9CB8FE3CC493B326EE95C55D /* Pods-RoamDemo.debug.xcconfig */ = {isa = PBXFileReference; includeInIndex = 1; lastKnownFileType = text.xcconfig; name = "Pods-RoamDemo.debug.xcconfig"; path = "Target Support Files/Pods-RoamDemo/Pods-RoamDemo.debug.xcconfig"; sourceTree = "<group>"; };
		D60D37A42AFCD15100A7C3C8 /* MapViewController.swift */ = {isa = PBXFileReference; lastKnownFileType = sourcecode.swift; path = MapViewController.swift; sourceTree = "<group>"; };
		D63387702B845E3E000B5DB6 /* AWSCore.xcframework */ = {isa = PBXFileReference; lastKnownFileType = wrapper.xcframework; path = AWSCore.xcframework; sourceTree = "<group>"; };
		D633879E2B845E3F000B5DB6 /* AWSCognitoIdentityProvider.xcframework */ = {isa = PBXFileReference; lastKnownFileType = wrapper.xcframework; path = AWSCognitoIdentityProvider.xcframework; sourceTree = "<group>"; };
		D633879F2B845E3F000B5DB6 /* MqttCocoaAsyncSocket.xcframework */ = {isa = PBXFileReference; lastKnownFileType = wrapper.xcframework; path = MqttCocoaAsyncSocket.xcframework; sourceTree = "<group>"; };
		D63387A02B845E3F000B5DB6 /* AWSIoT.xcframework */ = {isa = PBXFileReference; lastKnownFileType = wrapper.xcframework; path = AWSIoT.xcframework; sourceTree = "<group>"; };
		D63387A12B845E3F000B5DB6 /* AWSMobileClientXCF.xcframework */ = {isa = PBXFileReference; lastKnownFileType = wrapper.xcframework; path = AWSMobileClientXCF.xcframework; sourceTree = "<group>"; };
		D63387A22B845E3F000B5DB6 /* AWSCognitoIdentityProviderASF.xcframework */ = {isa = PBXFileReference; lastKnownFileType = wrapper.xcframework; path = AWSCognitoIdentityProviderASF.xcframework; sourceTree = "<group>"; };
		D63387A32B845E3F000B5DB6 /* AWSAuthCore.xcframework */ = {isa = PBXFileReference; lastKnownFileType = wrapper.xcframework; path = AWSAuthCore.xcframework; sourceTree = "<group>"; };
		D63387D62B845E4F000B5DB6 /* Roam.xcframework */ = {isa = PBXFileReference; lastKnownFileType = wrapper.xcframework; path = Roam.xcframework; sourceTree = "<group>"; };
		D69500F92AFC922200410523 /* RoamDemo.app */ = {isa = PBXFileReference; explicitFileType = wrapper.application; includeInIndex = 0; path = RoamDemo.app; sourceTree = BUILT_PRODUCTS_DIR; };
		D69500FC2AFC922200410523 /* AppDelegate.swift */ = {isa = PBXFileReference; lastKnownFileType = sourcecode.swift; path = AppDelegate.swift; sourceTree = "<group>"; };
		D69500FE2AFC922200410523 /* SceneDelegate.swift */ = {isa = PBXFileReference; lastKnownFileType = sourcecode.swift; path = SceneDelegate.swift; sourceTree = "<group>"; };
		D69501002AFC922200410523 /* LoginViewController.swift */ = {isa = PBXFileReference; lastKnownFileType = sourcecode.swift; path = LoginViewController.swift; sourceTree = "<group>"; };
		D69501032AFC922200410523 /* Base */ = {isa = PBXFileReference; lastKnownFileType = file.storyboard; name = Base; path = Base.lproj/Main.storyboard; sourceTree = "<group>"; };
		D69501052AFC922400410523 /* Assets.xcassets */ = {isa = PBXFileReference; lastKnownFileType = folder.assetcatalog; path = Assets.xcassets; sourceTree = "<group>"; };
		D69501082AFC922400410523 /* Base */ = {isa = PBXFileReference; lastKnownFileType = file.storyboard; name = Base; path = Base.lproj/LaunchScreen.storyboard; sourceTree = "<group>"; };
		D695010A2AFC922400410523 /* Info.plist */ = {isa = PBXFileReference; lastKnownFileType = text.plist.xml; path = Info.plist; sourceTree = "<group>"; };
		D69501102AFC947800410523 /* RoamHelper.swift */ = {isa = PBXFileReference; lastKnownFileType = sourcecode.swift; path = RoamHelper.swift; sourceTree = "<group>"; };
/* End PBXFileReference section */

/* Begin PBXFrameworksBuildPhase section */
		D69500F62AFC922200410523 /* Frameworks */ = {
			isa = PBXFrameworksBuildPhase;
			buildActionMask = 2147483647;
			files = (
				D63387F62B860A23000B5DB6 /* MqttCocoaAsyncSocket.xcframework in Frameworks */,
				D6ABA3462B7E03E700BFC847 /* Starscream in Frameworks */,
				DD470BF5FF406B9DAECF1379 /* Pods_RoamDemo.framework in Frameworks */,
				D63387F22B860A22000B5DB6 /* AWSIoT.xcframework in Frameworks */,
				D63387EC2B860A22000B5DB6 /* AWSCognitoIdentityProvider.xcframework in Frameworks */,
				D63387EE2B860A22000B5DB6 /* AWSCognitoIdentityProviderASF.xcframework in Frameworks */,
				D63387F42B860A23000B5DB6 /* AWSMobileClientXCF.xcframework in Frameworks */,
				D63387F02B860A22000B5DB6 /* AWSCore.xcframework in Frameworks */,
				D63387F82B860A24000B5DB6 /* Roam.xcframework in Frameworks */,
				D63387EA2B860A22000B5DB6 /* AWSAuthCore.xcframework in Frameworks */,
			);
			runOnlyForDeploymentPostprocessing = 0;
		};
/* End PBXFrameworksBuildPhase section */

/* Begin PBXGroup section */
		6050ACD49BA13989753F80B5 /* Frameworks */ = {
			isa = PBXGroup;
			children = (
				4017BD5A2B92FB2958409D31 /* Pods_RoamDemo.framework */,
			);
			name = Frameworks;
			sourceTree = "<group>";
		};
		68E282DA066B781EF0B69445 /* Pods */ = {
			isa = PBXGroup;
			children = (
				9CB8FE3CC493B326EE95C55D /* Pods-RoamDemo.debug.xcconfig */,
				60A4188897E87B2DCF3646B5 /* Pods-RoamDemo.release.xcconfig */,
			);
			path = Pods;
			sourceTree = "<group>";
		};
		D633876F2B845E3E000B5DB6 /* Framework */ = {
			isa = PBXGroup;
			children = (
				D63387702B845E3E000B5DB6 /* AWSCore.xcframework */,
				D633879E2B845E3F000B5DB6 /* AWSCognitoIdentityProvider.xcframework */,
				D633879F2B845E3F000B5DB6 /* MqttCocoaAsyncSocket.xcframework */,
				D63387A02B845E3F000B5DB6 /* AWSIoT.xcframework */,
				D63387A12B845E3F000B5DB6 /* AWSMobileClientXCF.xcframework */,
				D63387A22B845E3F000B5DB6 /* AWSCognitoIdentityProviderASF.xcframework */,
				D63387A32B845E3F000B5DB6 /* AWSAuthCore.xcframework */,
			);
			path = Framework;
			sourceTree = "<group>";
		};
		D69500F02AFC922100410523 = {
			isa = PBXGroup;
			children = (
				D69500FB2AFC922200410523 /* RoamDemo */,
				D69500FA2AFC922200410523 /* Products */,
				68E282DA066B781EF0B69445 /* Pods */,
				6050ACD49BA13989753F80B5 /* Frameworks */,
			);
			sourceTree = "<group>";
		};
		D69500FA2AFC922200410523 /* Products */ = {
			isa = PBXGroup;
			children = (
				D69500F92AFC922200410523 /* RoamDemo.app */,
			);
			name = Products;
			sourceTree = "<group>";
		};
		D69500FB2AFC922200410523 /* RoamDemo */ = {
			isa = PBXGroup;
			children = (
				D63387D62B845E4F000B5DB6 /* Roam.xcframework */,
				D633876F2B845E3E000B5DB6 /* Framework */,
				D69500FC2AFC922200410523 /* AppDelegate.swift */,
				D69500FE2AFC922200410523 /* SceneDelegate.swift */,
				D69501002AFC922200410523 /* LoginViewController.swift */,
				D60D37A42AFCD15100A7C3C8 /* MapViewController.swift */,
				D69501102AFC947800410523 /* RoamHelper.swift */,
				D69501022AFC922200410523 /* Main.storyboard */,
				D69501052AFC922400410523 /* Assets.xcassets */,
				D69501072AFC922400410523 /* LaunchScreen.storyboard */,
				D695010A2AFC922400410523 /* Info.plist */,
			);
			path = RoamDemo;
			sourceTree = "<group>";
		};
/* End PBXGroup section */

/* Begin PBXNativeTarget section */
		D69500F82AFC922200410523 /* RoamDemo */ = {
			isa = PBXNativeTarget;
			buildConfigurationList = D695010D2AFC922400410523 /* Build configuration list for PBXNativeTarget "RoamDemo" */;
			buildPhases = (
				61810219734611E02567D6F7 /* [CP] Check Pods Manifest.lock */,
				D69500F52AFC922200410523 /* Sources */,
				D69500F62AFC922200410523 /* Frameworks */,
				D69500F72AFC922200410523 /* Resources */,
				D69501162AFC94C700410523 /* Embed Frameworks */,
			);
			buildRules = (
			);
			dependencies = (
			);
			name = RoamDemo;
			packageProductDependencies = (
				D6ABA3452B7E03E700BFC847 /* Starscream */,
			);
			productName = RoamDemo;
			productReference = D69500F92AFC922200410523 /* RoamDemo.app */;
			productType = "com.apple.product-type.application";
		};
/* End PBXNativeTarget section */

/* Begin PBXProject section */
		D69500F12AFC922100410523 /* Project object */ = {
			isa = PBXProject;
			attributes = {
				BuildIndependentTargetsInParallel = 1;
				LastSwiftUpdateCheck = 1420;
				LastUpgradeCheck = 1420;
				TargetAttributes = {
					D69500F82AFC922200410523 = {
						CreatedOnToolsVersion = 14.2;
					};
				};
			};
			buildConfigurationList = D69500F42AFC922100410523 /* Build configuration list for PBXProject "RoamDemo" */;
			compatibilityVersion = "Xcode 14.0";
			developmentRegion = en;
			hasScannedForEncodings = 0;
			knownRegions = (
				en,
				Base,
			);
			mainGroup = D69500F02AFC922100410523;
			packageReferences = (
				D6ABA3442B7E03E700BFC847 /* XCRemoteSwiftPackageReference "Starscream" */,
			);
			productRefGroup = D69500FA2AFC922200410523 /* Products */;
			projectDirPath = "";
			projectRoot = "";
			targets = (
				D69500F82AFC922200410523 /* RoamDemo */,
			);
		};
/* End PBXProject section */

/* Begin PBXResourcesBuildPhase section */
		D69500F72AFC922200410523 /* Resources */ = {
			isa = PBXResourcesBuildPhase;
			buildActionMask = 2147483647;
			files = (
				D69501092AFC922400410523 /* LaunchScreen.storyboard in Resources */,
				D69501062AFC922400410523 /* Assets.xcassets in Resources */,
				D69501042AFC922200410523 /* Main.storyboard in Resources */,
			);
			runOnlyForDeploymentPostprocessing = 0;
		};
/* End PBXResourcesBuildPhase section */

/* Begin PBXShellScriptBuildPhase section */
		61810219734611E02567D6F7 /* [CP] Check Pods Manifest.lock */ = {
			isa = PBXShellScriptBuildPhase;
			buildActionMask = 2147483647;
			files = (
			);
			inputFileListPaths = (
			);
			inputPaths = (
				"${PODS_PODFILE_DIR_PATH}/Podfile.lock",
				"${PODS_ROOT}/Manifest.lock",
			);
			name = "[CP] Check Pods Manifest.lock";
			outputFileListPaths = (
			);
			outputPaths = (
				"$(DERIVED_FILE_DIR)/Pods-RoamDemo-checkManifestLockResult.txt",
			);
			runOnlyForDeploymentPostprocessing = 0;
			shellPath = /bin/sh;
			shellScript = "diff \"${PODS_PODFILE_DIR_PATH}/Podfile.lock\" \"${PODS_ROOT}/Manifest.lock\" > /dev/null\nif [ $? != 0 ] ; then\n    # print error to STDERR\n    echo \"error: The sandbox is not in sync with the Podfile.lock. Run 'pod install' or update your CocoaPods installation.\" >&2\n    exit 1\nfi\n# This output is used by Xcode 'outputs' to avoid re-running this script phase.\necho \"SUCCESS\" > \"${SCRIPT_OUTPUT_FILE_0}\"\n";
			showEnvVarsInLog = 0;
		};
/* End PBXShellScriptBuildPhase section */

/* Begin PBXSourcesBuildPhase section */
		D69500F52AFC922200410523 /* Sources */ = {
			isa = PBXSourcesBuildPhase;
			buildActionMask = 2147483647;
			files = (
				D69501012AFC922200410523 /* LoginViewController.swift in Sources */,
				D69500FD2AFC922200410523 /* AppDelegate.swift in Sources */,
				D69501112AFC947800410523 /* RoamHelper.swift in Sources */,
				D60D37A52AFCD15100A7C3C8 /* MapViewController.swift in Sources */,
				D69500FF2AFC922200410523 /* SceneDelegate.swift in Sources */,
			);
			runOnlyForDeploymentPostprocessing = 0;
		};
/* End PBXSourcesBuildPhase section */

/* Begin PBXVariantGroup section */
		D69501022AFC922200410523 /* Main.storyboard */ = {
			isa = PBXVariantGroup;
			children = (
				D69501032AFC922200410523 /* Base */,
			);
			name = Main.storyboard;
			sourceTree = "<group>";
		};
		D69501072AFC922400410523 /* LaunchScreen.storyboard */ = {
			isa = PBXVariantGroup;
			children = (
				D69501082AFC922400410523 /* Base */,
			);
			name = LaunchScreen.storyboard;
			sourceTree = "<group>";
		};
/* End PBXVariantGroup section */

/* Begin XCBuildConfiguration section */
		D695010B2AFC922400410523 /* Debug */ = {
			isa = XCBuildConfiguration;
			buildSettings = {
				ALWAYS_SEARCH_USER_PATHS = NO;
				CLANG_ANALYZER_NONNULL = YES;
				CLANG_ANALYZER_NUMBER_OBJECT_CONVERSION = YES_AGGRESSIVE;
				CLANG_CXX_LANGUAGE_STANDARD = "gnu++20";
				CLANG_ENABLE_MODULES = YES;
				CLANG_ENABLE_OBJC_ARC = YES;
				CLANG_ENABLE_OBJC_WEAK = YES;
				CLANG_WARN_BLOCK_CAPTURE_AUTORELEASING = YES;
				CLANG_WARN_BOOL_CONVERSION = YES;
				CLANG_WARN_COMMA = YES;
				CLANG_WARN_CONSTANT_CONVERSION = YES;
				CLANG_WARN_DEPRECATED_OBJC_IMPLEMENTATIONS = YES;
				CLANG_WARN_DIRECT_OBJC_ISA_USAGE = YES_ERROR;
				CLANG_WARN_DOCUMENTATION_COMMENTS = YES;
				CLANG_WARN_EMPTY_BODY = YES;
				CLANG_WARN_ENUM_CONVERSION = YES;
				CLANG_WARN_INFINITE_RECURSION = YES;
				CLANG_WARN_INT_CONVERSION = YES;
				CLANG_WARN_NON_LITERAL_NULL_CONVERSION = YES;
				CLANG_WARN_OBJC_IMPLICIT_RETAIN_SELF = YES;
				CLANG_WARN_OBJC_LITERAL_CONVERSION = YES;
				CLANG_WARN_OBJC_ROOT_CLASS = YES_ERROR;
				CLANG_WARN_QUOTED_INCLUDE_IN_FRAMEWORK_HEADER = YES;
				CLANG_WARN_RANGE_LOOP_ANALYSIS = YES;
				CLANG_WARN_STRICT_PROTOTYPES = YES;
				CLANG_WARN_SUSPICIOUS_MOVE = YES;
				CLANG_WARN_UNGUARDED_AVAILABILITY = YES_AGGRESSIVE;
				CLANG_WARN_UNREACHABLE_CODE = YES;
				CLANG_WARN__DUPLICATE_METHOD_MATCH = YES;
				COPY_PHASE_STRIP = NO;
				DEBUG_INFORMATION_FORMAT = dwarf;
				ENABLE_STRICT_OBJC_MSGSEND = YES;
				ENABLE_TESTABILITY = YES;
				GCC_C_LANGUAGE_STANDARD = gnu11;
				GCC_DYNAMIC_NO_PIC = NO;
				GCC_NO_COMMON_BLOCKS = YES;
				GCC_OPTIMIZATION_LEVEL = 0;
				GCC_PREPROCESSOR_DEFINITIONS = (
					"DEBUG=1",
					"$(inherited)",
				);
				GCC_WARN_64_TO_32_BIT_CONVERSION = YES;
				GCC_WARN_ABOUT_RETURN_TYPE = YES_ERROR;
				GCC_WARN_UNDECLARED_SELECTOR = YES;
				GCC_WARN_UNINITIALIZED_AUTOS = YES_AGGRESSIVE;
				GCC_WARN_UNUSED_FUNCTION = YES;
				GCC_WARN_UNUSED_VARIABLE = YES;
				IPHONEOS_DEPLOYMENT_TARGET = 16.2;
				MTL_ENABLE_DEBUG_INFO = INCLUDE_SOURCE;
				MTL_FAST_MATH = YES;
				ONLY_ACTIVE_ARCH = YES;
				SDKROOT = iphoneos;
				SWIFT_ACTIVE_COMPILATION_CONDITIONS = DEBUG;
				SWIFT_OPTIMIZATION_LEVEL = "-Onone";
			};
			name = Debug;
		};
		D695010C2AFC922400410523 /* Release */ = {
			isa = XCBuildConfiguration;
			buildSettings = {
				ALWAYS_SEARCH_USER_PATHS = NO;
				CLANG_ANALYZER_NONNULL = YES;
				CLANG_ANALYZER_NUMBER_OBJECT_CONVERSION = YES_AGGRESSIVE;
				CLANG_CXX_LANGUAGE_STANDARD = "gnu++20";
				CLANG_ENABLE_MODULES = YES;
				CLANG_ENABLE_OBJC_ARC = YES;
				CLANG_ENABLE_OBJC_WEAK = YES;
				CLANG_WARN_BLOCK_CAPTURE_AUTORELEASING = YES;
				CLANG_WARN_BOOL_CONVERSION = YES;
				CLANG_WARN_COMMA = YES;
				CLANG_WARN_CONSTANT_CONVERSION = YES;
				CLANG_WARN_DEPRECATED_OBJC_IMPLEMENTATIONS = YES;
				CLANG_WARN_DIRECT_OBJC_ISA_USAGE = YES_ERROR;
				CLANG_WARN_DOCUMENTATION_COMMENTS = YES;
				CLANG_WARN_EMPTY_BODY = YES;
				CLANG_WARN_ENUM_CONVERSION = YES;
				CLANG_WARN_INFINITE_RECURSION = YES;
				CLANG_WARN_INT_CONVERSION = YES;
				CLANG_WARN_NON_LITERAL_NULL_CONVERSION = YES;
				CLANG_WARN_OBJC_IMPLICIT_RETAIN_SELF = YES;
				CLANG_WARN_OBJC_LITERAL_CONVERSION = YES;
				CLANG_WARN_OBJC_ROOT_CLASS = YES_ERROR;
				CLANG_WARN_QUOTED_INCLUDE_IN_FRAMEWORK_HEADER = YES;
				CLANG_WARN_RANGE_LOOP_ANALYSIS = YES;
				CLANG_WARN_STRICT_PROTOTYPES = YES;
				CLANG_WARN_SUSPICIOUS_MOVE = YES;
				CLANG_WARN_UNGUARDED_AVAILABILITY = YES_AGGRESSIVE;
				CLANG_WARN_UNREACHABLE_CODE = YES;
				CLANG_WARN__DUPLICATE_METHOD_MATCH = YES;
				COPY_PHASE_STRIP = NO;
				DEBUG_INFORMATION_FORMAT = "dwarf-with-dsym";
				ENABLE_NS_ASSERTIONS = NO;
				ENABLE_STRICT_OBJC_MSGSEND = YES;
				GCC_C_LANGUAGE_STANDARD = gnu11;
				GCC_NO_COMMON_BLOCKS = YES;
				GCC_WARN_64_TO_32_BIT_CONVERSION = YES;
				GCC_WARN_ABOUT_RETURN_TYPE = YES_ERROR;
				GCC_WARN_UNDECLARED_SELECTOR = YES;
				GCC_WARN_UNINITIALIZED_AUTOS = YES_AGGRESSIVE;
				GCC_WARN_UNUSED_FUNCTION = YES;
				GCC_WARN_UNUSED_VARIABLE = YES;
				IPHONEOS_DEPLOYMENT_TARGET = 16.2;
				MTL_ENABLE_DEBUG_INFO = NO;
				MTL_FAST_MATH = YES;
				SDKROOT = iphoneos;
				SWIFT_COMPILATION_MODE = wholemodule;
				SWIFT_OPTIMIZATION_LEVEL = "-O";
				VALIDATE_PRODUCT = YES;
			};
			name = Release;
		};
		D695010E2AFC922400410523 /* Debug */ = {
			isa = XCBuildConfiguration;
			baseConfigurationReference = 9CB8FE3CC493B326EE95C55D /* Pods-RoamDemo.debug.xcconfig */;
			buildSettings = {
				ASSETCATALOG_COMPILER_APPICON_NAME = AppIcon;
				ASSETCATALOG_COMPILER_GLOBAL_ACCENT_COLOR_NAME = AccentColor;
				CODE_SIGN_IDENTITY = "Apple Development";
				CODE_SIGN_STYLE = Manual;
				CURRENT_PROJECT_VERSION = 1;
				DEVELOPMENT_TEAM = "";
				GENERATE_INFOPLIST_FILE = YES;
				INFOPLIST_FILE = RoamDemo/Info.plist;
				INFOPLIST_KEY_NSFileProviderDomainUsageDescription = Location;
				INFOPLIST_KEY_NSLocationAlwaysAndWhenInUseUsageDescription = "Need your permission";
				INFOPLIST_KEY_NSLocationAlwaysUsageDescription = "Need your permission";
				INFOPLIST_KEY_NSLocationWhenInUseUsageDescription = "Need your permission";
				INFOPLIST_KEY_UIApplicationSupportsIndirectInputEvents = YES;
				INFOPLIST_KEY_UILaunchStoryboardName = LaunchScreen;
				INFOPLIST_KEY_UIMainStoryboardFile = Main;
				INFOPLIST_KEY_UISupportedInterfaceOrientations_iPad = "UIInterfaceOrientationPortrait UIInterfaceOrientationPortraitUpsideDown UIInterfaceOrientationLandscapeLeft UIInterfaceOrientationLandscapeRight";
				INFOPLIST_KEY_UISupportedInterfaceOrientations_iPhone = "UIInterfaceOrientationPortrait UIInterfaceOrientationLandscapeLeft UIInterfaceOrientationLandscapeRight";
				IPHONEOS_DEPLOYMENT_TARGET = 14.0;
				LD_RUNPATH_SEARCH_PATHS = (
					"$(inherited)",
					"@executable_path/Frameworks",
				);
				MARKETING_VERSION = 1.0;
				PRODUCT_NAME = "$(TARGET_NAME)";
				PROVISIONING_PROFILE_SPECIFIER = "";
				SWIFT_EMIT_LOC_STRINGS = YES;
				SWIFT_VERSION = 5.0;
				TARGETED_DEVICE_FAMILY = "1,2";
			};
			name = Debug;
		};
		D695010F2AFC922400410523 /* Release */ = {
			isa = XCBuildConfiguration;
			baseConfigurationReference = 60A4188897E87B2DCF3646B5 /* Pods-RoamDemo.release.xcconfig */;
			buildSettings = {
				ASSETCATALOG_COMPILER_APPICON_NAME = AppIcon;
				ASSETCATALOG_COMPILER_GLOBAL_ACCENT_COLOR_NAME = AccentColor;
				CODE_SIGN_IDENTITY = "Apple Development";
				CODE_SIGN_STYLE = Manual;
				CURRENT_PROJECT_VERSION = 1;
				DEVELOPMENT_TEAM = "";
				GENERATE_INFOPLIST_FILE = YES;
				INFOPLIST_FILE = RoamDemo/Info.plist;
				INFOPLIST_KEY_NSFileProviderDomainUsageDescription = Location;
				INFOPLIST_KEY_NSLocationAlwaysAndWhenInUseUsageDescription = "Need your permission";
				INFOPLIST_KEY_NSLocationAlwaysUsageDescription = "Need your permission";
				INFOPLIST_KEY_NSLocationWhenInUseUsageDescription = "Need your permission";
				INFOPLIST_KEY_UIApplicationSupportsIndirectInputEvents = YES;
				INFOPLIST_KEY_UILaunchStoryboardName = LaunchScreen;
				INFOPLIST_KEY_UIMainStoryboardFile = Main;
				INFOPLIST_KEY_UISupportedInterfaceOrientations_iPad = "UIInterfaceOrientationPortrait UIInterfaceOrientationPortraitUpsideDown UIInterfaceOrientationLandscapeLeft UIInterfaceOrientationLandscapeRight";
				INFOPLIST_KEY_UISupportedInterfaceOrientations_iPhone = "UIInterfaceOrientationPortrait UIInterfaceOrientationLandscapeLeft UIInterfaceOrientationLandscapeRight";
				IPHONEOS_DEPLOYMENT_TARGET = 14.0;
				LD_RUNPATH_SEARCH_PATHS = (
					"$(inherited)",
					"@executable_path/Frameworks",
				);
				MARKETING_VERSION = 1.0;
				PRODUCT_NAME = "$(TARGET_NAME)";
				PROVISIONING_PROFILE_SPECIFIER = "";
				SWIFT_EMIT_LOC_STRINGS = YES;
				SWIFT_VERSION = 5.0;
				TARGETED_DEVICE_FAMILY = "1,2";
			};
			name = Release;
		};
/* End XCBuildConfiguration section */

/* Begin XCConfigurationList section */
		D69500F42AFC922100410523 /* Build configuration list for PBXProject "RoamDemo" */ = {
			isa = XCConfigurationList;
			buildConfigurations = (
				D695010B2AFC922400410523 /* Debug */,
				D695010C2AFC922400410523 /* Release */,
			);
			defaultConfigurationIsVisible = 0;
			defaultConfigurationName = Release;
		};
		D695010D2AFC922400410523 /* Build configuration list for PBXNativeTarget "RoamDemo" */ = {
			isa = XCConfigurationList;
			buildConfigurations = (
				D695010E2AFC922400410523 /* Debug */,
				D695010F2AFC922400410523 /* Release */,
			);
			defaultConfigurationIsVisible = 0;
			defaultConfigurationName = Release;
		};
/* End XCConfigurationList section */

/* Begin XCRemoteSwiftPackageReference section */
		D6ABA3442B7E03E700BFC847 /* XCRemoteSwiftPackageReference "Starscream" */ = {
			isa = XCRemoteSwiftPackageReference;
			repositoryURL = "https://github.com/daltoniam/Starscream.git";
			requirement = {
				kind = upToNextMajorVersion;
				minimumVersion = 4.0.6;
			};
		};
/* End XCRemoteSwiftPackageReference section */

/* Begin XCSwiftPackageProductDependency section */
		D6ABA3452B7E03E700BFC847 /* Starscream */ = {
			isa = XCSwiftPackageProductDependency;
			package = D6ABA3442B7E03E700BFC847 /* XCRemoteSwiftPackageReference "Starscream" */;
			productName = Starscream;
		};
/* End XCSwiftPackageProductDependency section */
	};
	rootObject = D69500F12AFC922100410523 /* Project object */;
}
